
Microsoft Visual Studio Solution File, Format Version 12.00
# Visual Studio Version 17
VisualStudioVersion = 17.3.32825.248
MinimumVisualStudioVersion = 10.0.40219.1
Project("{FAE04EC0-301F-11D3-BF4B-00C04F79EFBC}") = "ExamenTech", "ExamenTech\ExamenTech.csproj", "{BF127F4C-E036-433E-A343-4BC70CF2063C}"
	ProjectSection(ProjectDependencies) = postProject
		{C656012B-EC00-4880-8FAB-C9C37B5CA5DC} = {C656012B-EC00-4880-8FAB-C9C37B5CA5DC}
	EndProjectSection
EndProject
Project("{FAE04EC0-301F-11D3-BF4B-00C04F79EFBC}") = "ExamenTech.Infrastructure.Services", "ExameTech.Infrastructure.Services\ExamenTech.Infrastructure.Services.csproj", "{C656012B-EC00-4880-8FAB-C9C37B5CA5DC}"
EndProject
Project("{FAE04EC0-301F-11D3-BF4B-00C04F79EFBC}") = "ExamenTech.Application", "ExamenTech.Application\ExamenTech.Application.csproj", "{6997AC07-E722-49EC-9AE8-30DFBD67D7A1}"
EndProject
Global
	GlobalSection(SolutionConfigurationPlatforms) = preSolution
		Debug|Any CPU = Debug|Any CPU
		Release|Any CPU = Release|Any CPU
	EndGlobalSection
	GlobalSection(ProjectConfigurationPlatforms) = postSolution
		{BF127F4C-E036-433E-A343-4BC70CF2063C}.Debug|Any CPU.ActiveCfg = Debug|Any CPU
		{BF127F4C-E036-433E-A343-4BC70CF2063C}.Debug|Any CPU.Build.0 = Debug|Any CPU
		{BF127F4C-E036-433E-A343-4BC70CF2063C}.Release|Any CPU.ActiveCfg = Release|Any CPU
		{BF127F4C-E036-433E-A343-4BC70CF2063C}.Release|Any CPU.Build.0 = Release|Any CPU
		{C656012B-EC00-4880-8FAB-C9C37B5CA5DC}.Debug|Any CPU.ActiveCfg = Debug|Any CPU
		{C656012B-EC00-4880-8FAB-C9C37B5CA5DC}.Debug|Any CPU.Build.0 = Debug|Any CPU
		{C656012B-EC00-4880-8FAB-C9C37B5CA5DC}.Release|Any CPU.ActiveCfg = Release|Any CPU
		{C656012B-EC00-4880-8FAB-C9C37B5CA5DC}.Release|Any CPU.Build.0 = Release|Any CPU
		{6997AC07-E722-49EC-9AE8-30DFBD67D7A1}.Debug|Any CPU.ActiveCfg = Debug|Any CPU
		{6997AC07-E722-49EC-9AE8-30DFBD67D7A1}.Debug|Any CPU.Build.0 = Debug|Any CPU
		{6997AC07-E722-49EC-9AE8-30DFBD67D7A1}.Release|Any CPU.ActiveCfg = Release|Any CPU
		{6997AC07-E722-49EC-9AE8-30DFBD67D7A1}.Release|Any CPU.Build.0 = Release|Any CPU
	EndGlobalSection
	GlobalSection(SolutionProperties) = preSolution
		HideSolutionNode = FALSE
	EndGlobalSection
	GlobalSection(ExtensibilityGlobals) = postSolution
		SolutionGuid = {6F8BE3F4-8C19-4006-A789-1D683312D707}
	EndGlobalSection
EndGlobal
